
Microsoft Visual Studio Solution File, Format Version 12.00
# Visual Studio Version 16
VisualStudioVersion = 16.0.28803.352
MinimumVisualStudioVersion = 10.0.40219.1
Project("{2150E333-8FDC-42A3-9474-1A3956D46DE8}") = "UI", "UI", "{C294F15C-966A-4DC9-AA49-5A2D76282E0E}"
EndProject
Project("{2150E333-8FDC-42A3-9474-1A3956D46DE8}") = "Services", "Services", "{7DB1D7C6-D32F-43B2-A60F-B3B0F87D5F1D}"
EndProject
Project("{2150E333-8FDC-42A3-9474-1A3956D46DE8}") = "Common", "Common", "{024ECA77-325A-46F4-BB8E-61CD88BC4BC1}"
EndProject
Project("{9A19103F-16F7-4668-BE54-9A1E7A4F7556}") = "WebStore", "UI\WebStore\WebStore.csproj", "{F1FA9F61-E845-4F39-9EEB-8413F508E350}"
EndProject
Project("{9A19103F-16F7-4668-BE54-9A1E7A4F7556}") = "WebStore.DAL", "Services\WebStore.DAL\WebStore.DAL.csproj", "{19E906A3-87EF-4EA4-B328-80A91D532F75}"
EndProject
Project("{9A19103F-16F7-4668-BE54-9A1E7A4F7556}") = "WebStore.Domain", "Common\WebStore.Domain\WebStore.Domain.csproj", "{CE0424DE-A7E4-4234-8D69-4259B7CB1B88}"
EndProject
Project("{9A19103F-16F7-4668-BE54-9A1E7A4F7556}") = "WebStore.ServiceHosting", "Services\WebStore.ServiceHosting\WebStore.ServiceHosting.csproj", "{9A5558A2-9414-4C27-849D-9DAFD4B2B189}"
EndProject
Project("{9A19103F-16F7-4668-BE54-9A1E7A4F7556}") = "WebStore.Interfaces", "WebStore.Interfaces\WebStore.Interfaces.csproj", "{7F1C6906-E59E-48A5-A582-4CB123AEE2D1}"
EndProject
Project("{9A19103F-16F7-4668-BE54-9A1E7A4F7556}") = "WebStore.Services", "Services\WebStore.Services\WebStore.Services.csproj", "{9A739D28-EE8F-4932-91A5-BE78D69D92A9}"
EndProject
Project("{9A19103F-16F7-4668-BE54-9A1E7A4F7556}") = "WebStore.Clients", "Services\WebStore.Clients\WebStore.Clients.csproj", "{12A99542-8EE4-4966-9F05-2CBCA21A79CD}"
EndProject
Project("{FAE04EC0-301F-11D3-BF4B-00C04F79EFBC}") = "WebStore.Logger", "Common\WebStore.Logger\WebStore.Logger.csproj", "{0913F15A-B873-46DE-8D27-6B3CD3140751}"
EndProject
Global
	GlobalSection(SolutionConfigurationPlatforms) = preSolution
		Debug|Any CPU = Debug|Any CPU
		Release|Any CPU = Release|Any CPU
	EndGlobalSection
	GlobalSection(ProjectConfigurationPlatforms) = postSolution
		{F1FA9F61-E845-4F39-9EEB-8413F508E350}.Debug|Any CPU.ActiveCfg = Debug|Any CPU
		{F1FA9F61-E845-4F39-9EEB-8413F508E350}.Debug|Any CPU.Build.0 = Debug|Any CPU
		{F1FA9F61-E845-4F39-9EEB-8413F508E350}.Release|Any CPU.ActiveCfg = Release|Any CPU
		{F1FA9F61-E845-4F39-9EEB-8413F508E350}.Release|Any CPU.Build.0 = Release|Any CPU
		{19E906A3-87EF-4EA4-B328-80A91D532F75}.Debug|Any CPU.ActiveCfg = Debug|Any CPU
		{19E906A3-87EF-4EA4-B328-80A91D532F75}.Debug|Any CPU.Build.0 = Debug|Any CPU
		{19E906A3-87EF-4EA4-B328-80A91D532F75}.Release|Any CPU.ActiveCfg = Release|Any CPU
		{19E906A3-87EF-4EA4-B328-80A91D532F75}.Release|Any CPU.Build.0 = Release|Any CPU
		{CE0424DE-A7E4-4234-8D69-4259B7CB1B88}.Debug|Any CPU.ActiveCfg = Debug|Any CPU
		{CE0424DE-A7E4-4234-8D69-4259B7CB1B88}.Debug|Any CPU.Build.0 = Debug|Any CPU
		{CE0424DE-A7E4-4234-8D69-4259B7CB1B88}.Release|Any CPU.ActiveCfg = Release|Any CPU
		{CE0424DE-A7E4-4234-8D69-4259B7CB1B88}.Release|Any CPU.Build.0 = Release|Any CPU
		{9A5558A2-9414-4C27-849D-9DAFD4B2B189}.Debug|Any CPU.ActiveCfg = Debug|Any CPU
		{9A5558A2-9414-4C27-849D-9DAFD4B2B189}.Debug|Any CPU.Build.0 = Debug|Any CPU
		{9A5558A2-9414-4C27-849D-9DAFD4B2B189}.Release|Any CPU.ActiveCfg = Release|Any CPU
		{9A5558A2-9414-4C27-849D-9DAFD4B2B189}.Release|Any CPU.Build.0 = Release|Any CPU
		{7F1C6906-E59E-48A5-A582-4CB123AEE2D1}.Debug|Any CPU.ActiveCfg = Debug|Any CPU
		{7F1C6906-E59E-48A5-A582-4CB123AEE2D1}.Debug|Any CPU.Build.0 = Debug|Any CPU
		{7F1C6906-E59E-48A5-A582-4CB123AEE2D1}.Release|Any CPU.ActiveCfg = Release|Any CPU
		{7F1C6906-E59E-48A5-A582-4CB123AEE2D1}.Release|Any CPU.Build.0 = Release|Any CPU
		{9A739D28-EE8F-4932-91A5-BE78D69D92A9}.Debug|Any CPU.ActiveCfg = Debug|Any CPU
		{9A739D28-EE8F-4932-91A5-BE78D69D92A9}.Debug|Any CPU.Build.0 = Debug|Any CPU
		{9A739D28-EE8F-4932-91A5-BE78D69D92A9}.Release|Any CPU.ActiveCfg = Release|Any CPU
		{9A739D28-EE8F-4932-91A5-BE78D69D92A9}.Release|Any CPU.Build.0 = Release|Any CPU
		{12A99542-8EE4-4966-9F05-2CBCA21A79CD}.Debug|Any CPU.ActiveCfg = Debug|Any CPU
		{12A99542-8EE4-4966-9F05-2CBCA21A79CD}.Debug|Any CPU.Build.0 = Debug|Any CPU
		{12A99542-8EE4-4966-9F05-2CBCA21A79CD}.Release|Any CPU.ActiveCfg = Release|Any CPU
		{12A99542-8EE4-4966-9F05-2CBCA21A79CD}.Release|Any CPU.Build.0 = Release|Any CPU
		{0913F15A-B873-46DE-8D27-6B3CD3140751}.Debug|Any CPU.ActiveCfg = Debug|Any CPU
		{0913F15A-B873-46DE-8D27-6B3CD3140751}.Debug|Any CPU.Build.0 = Debug|Any CPU
		{0913F15A-B873-46DE-8D27-6B3CD3140751}.Release|Any CPU.ActiveCfg = Release|Any CPU
		{0913F15A-B873-46DE-8D27-6B3CD3140751}.Release|Any CPU.Build.0 = Release|Any CPU
	EndGlobalSection
	GlobalSection(SolutionProperties) = preSolution
		HideSolutionNode = FALSE
	EndGlobalSection
	GlobalSection(NestedProjects) = preSolution
		{F1FA9F61-E845-4F39-9EEB-8413F508E350} = {C294F15C-966A-4DC9-AA49-5A2D76282E0E}
		{19E906A3-87EF-4EA4-B328-80A91D532F75} = {7DB1D7C6-D32F-43B2-A60F-B3B0F87D5F1D}
		{CE0424DE-A7E4-4234-8D69-4259B7CB1B88} = {024ECA77-325A-46F4-BB8E-61CD88BC4BC1}
		{9A5558A2-9414-4C27-849D-9DAFD4B2B189} = {7DB1D7C6-D32F-43B2-A60F-B3B0F87D5F1D}
		{7F1C6906-E59E-48A5-A582-4CB123AEE2D1} = {7DB1D7C6-D32F-43B2-A60F-B3B0F87D5F1D}
		{9A739D28-EE8F-4932-91A5-BE78D69D92A9} = {7DB1D7C6-D32F-43B2-A60F-B3B0F87D5F1D}
		{12A99542-8EE4-4966-9F05-2CBCA21A79CD} = {7DB1D7C6-D32F-43B2-A60F-B3B0F87D5F1D}
		{0913F15A-B873-46DE-8D27-6B3CD3140751} = {024ECA77-325A-46F4-BB8E-61CD88BC4BC1}
	EndGlobalSection
	GlobalSection(ExtensibilityGlobals) = postSolution
		SolutionGuid = {9BC37492-C18F-4C82-AC0E-93FEED3F7648}
	EndGlobalSection
EndGlobal
